{
	"name": "totalproject",
	"version": "1.0.0",
	"lockfileVersion": 1,
	"requires": true,
	"dependencies": {
		"total4": {
			"version": "0.0.55",
			"resolved": "https://registry.npmjs.org/total4/-/total4-0.0.55.tgz",
			"integrity": "sha512-b92QYGakM/KKyMcRHxB7j8Bks92jw7OcdgRGkD5ES/QEXhARJ8RwViDn3ixtblXvmppY6/kF0M9OEFQgaiHdIw=="
		}
	}
}
